
Microsoft Visual Studio Solution File, Format Version 12.00
# Visual Studio Version 17
VisualStudioVersion = 17.9.34728.123
MinimumVisualStudioVersion = 10.0.40219.1
Project("{9A19103F-16F7-4668-BE54-9A1E7A4F7556}") = "ProductsRegistrator", "ProductsRegistrator\ProductsRegistrator.csproj", "{91F8FE43-E15D-416B-BCDD-8D8D10436D2C}"
EndProject
Project("{FAE04EC0-301F-11D3-BF4B-00C04F79EFBC}") = "ProductsRegistrator.Tests", "ProductsRegistrator.Tests\ProductsRegistrator.Tests.csproj", "{29EF05B7-1A07-41D3-A6DC-8B3429B7E30F}"
EndProject
Global
	GlobalSection(SolutionConfigurationPlatforms) = preSolution
		Debug|Any CPU = Debug|Any CPU
		Release|Any CPU = Release|Any CPU
	EndGlobalSection
	GlobalSection(ProjectConfigurationPlatforms) = postSolution
		{91F8FE43-E15D-416B-BCDD-8D8D10436D2C}.Debug|Any CPU.ActiveCfg = Debug|Any CPU
		{91F8FE43-E15D-416B-BCDD-8D8D10436D2C}.Debug|Any CPU.Build.0 = Debug|Any CPU
		{91F8FE43-E15D-416B-BCDD-8D8D10436D2C}.Release|Any CPU.ActiveCfg = Release|Any CPU
		{91F8FE43-E15D-416B-BCDD-8D8D10436D2C}.Release|Any CPU.Build.0 = Release|Any CPU
		{29EF05B7-1A07-41D3-A6DC-8B3429B7E30F}.Debug|Any CPU.ActiveCfg = Debug|Any CPU
		{29EF05B7-1A07-41D3-A6DC-8B3429B7E30F}.Debug|Any CPU.Build.0 = Debug|Any CPU
		{29EF05B7-1A07-41D3-A6DC-8B3429B7E30F}.Release|Any CPU.ActiveCfg = Release|Any CPU
		{29EF05B7-1A07-41D3-A6DC-8B3429B7E30F}.Release|Any CPU.Build.0 = Release|Any CPU
	EndGlobalSection
	GlobalSection(SolutionProperties) = preSolution
		HideSolutionNode = FALSE
	EndGlobalSection
	GlobalSection(ExtensibilityGlobals) = postSolution
		SolutionGuid = {19DA4EE1-E1EC-4F60-89BD-EBF79C812458}
	EndGlobalSection
EndGlobal
